
Microsoft Visual Studio Solution File, Format Version 12.00
# Visual Studio Version 16
VisualStudioVersion = 16.0.31313.79
MinimumVisualStudioVersion = 10.0.40219.1
Project("{FAE04EC0-301F-11D3-BF4B-00C04F79EFBC}") = "VirtualMethods", "VirtualMethods\VirtualMethods.csproj", "{A29F0B19-4441-4CC2-A5DF-C267ED3CB2B1}"
EndProject
Global
	GlobalSection(SolutionConfigurationPlatforms) = preSolution
		Debug|Any CPU = Debug|Any CPU
		Release|Any CPU = Release|Any CPU
	EndGlobalSection
	GlobalSection(ProjectConfigurationPlatforms) = postSolution
		{A29F0B19-4441-4CC2-A5DF-C267ED3CB2B1}.Debug|Any CPU.ActiveCfg = Debug|Any CPU
		{A29F0B19-4441-4CC2-A5DF-C267ED3CB2B1}.Debug|Any CPU.Build.0 = Debug|Any CPU
		{A29F0B19-4441-4CC2-A5DF-C267ED3CB2B1}.Release|Any CPU.ActiveCfg = Release|Any CPU
		{A29F0B19-4441-4CC2-A5DF-C267ED3CB2B1}.Release|Any CPU.Build.0 = Release|Any CPU
	EndGlobalSection
	GlobalSection(SolutionProperties) = preSolution
		HideSolutionNode = FALSE
	EndGlobalSection
	GlobalSection(ExtensibilityGlobals) = postSolution
		SolutionGuid = {6871CCC6-BCD5-4225-BF71-956BE072BFC8}
	EndGlobalSection
EndGlobal
